
Microsoft Visual Studio Solution File, Format Version 12.00
# Visual Studio Version 17
VisualStudioVersion = 17.8.34330.188
MinimumVisualStudioVersion = 10.0.40219.1
Project("{FAE04EC0-301F-11D3-BF4B-00C04F79EFBC}") = "CI-CD-githubactions", "CI-CD-githubactions.csproj", "{8D4D76AA-D892-4FC1-A7B4-21D70E70FAAF}"
EndProject
Global
	GlobalSection(SolutionConfigurationPlatforms) = preSolution
		Debug|Any CPU = Debug|Any CPU
		Release|Any CPU = Release|Any CPU
	EndGlobalSection
	GlobalSection(ProjectConfigurationPlatforms) = postSolution
		{8D4D76AA-D892-4FC1-A7B4-21D70E70FAAF}.Debug|Any CPU.ActiveCfg = Debug|Any CPU
		{8D4D76AA-D892-4FC1-A7B4-21D70E70FAAF}.Debug|Any CPU.Build.0 = Debug|Any CPU
		{8D4D76AA-D892-4FC1-A7B4-21D70E70FAAF}.Release|Any CPU.ActiveCfg = Release|Any CPU
		{8D4D76AA-D892-4FC1-A7B4-21D70E70FAAF}.Release|Any CPU.Build.0 = Release|Any CPU
	EndGlobalSection
	GlobalSection(SolutionProperties) = preSolution
		HideSolutionNode = FALSE
	EndGlobalSection
	GlobalSection(ExtensibilityGlobals) = postSolution
		SolutionGuid = {C65B27B5-8D10-452B-B611-3CF5B4676B84}
	EndGlobalSection
EndGlobal
